<?xml version="1.0" encoding="utf-8"?>
<Project ToolsVersion="4.0" xmlns="http://schemas.microsoft.com/developer/msbuild/2003">
  <ItemGroup>
    <Filter Include="App">
      <UniqueIdentifier>{4FC737F1-C7A5-4376-A066-2A32D752A2FF}</UniqueIdentifier>
      <Extensions>c;cpp;def;odl;idl;hpj;bat;asm;asmx</Extensions>
    </Filter>
    <Filter Include="Backend Win">
      <UniqueIdentifier>{5EA1B8E2-8F3C-4A25-B21D-6E7D9C0A1234}</UniqueIdentifier>
      <Extensions>c;cpp;h;hpp</Extensions>
    </Filter>
    <Filter Include="Headers">
      <UniqueIdentifier>{93995380-89BD-4b04-88EB-625FBE52EBFB}</UniqueIdentifier>
      <Extensions>h;hh;hpp;hxx;hm;inl;inc;ipp;xsd</Extensions>
    </Filter>
  </ItemGroup>
  <ItemGroup>
    <ClCompile Include="src\app_win\main.c">
      <Filter>App</Filter>
    </ClCompile>
    <ClCompile Include="src\app_win\ui.c">
      <Filter>App</Filter>
    </ClCompile>
    <ClCompile Include="src\app_win\webview2_bridge.c">
      <Filter>App</Filter>
    </ClCompile>
    <ClCompile Include="src\backend_win\vm_display.c">
      <Filter>Backend Win</Filter>
    </ClCompile>
    <ClCompile Include="src\backend_win\vm_display_idd.c">
      <Filter>Backend Win</Filter>
    </ClCompile>
  </ItemGroup>
  <ItemGroup>
    <ClInclude Include="src\app_win\resource.h">
      <Filter>Headers</Filter>
    </ClInclude>
    <ClInclude Include="src\app_win\ui.h">
      <Filter>Headers</Filter>
    </ClInclude>
    <ClInclude Include="src\app_win\webview2_bridge.h">
      <Filter>App</Filter>
    </ClInclude>
    <ClInclude Include="src\backend_win\asb_core.h">
      <Filter>Backend Win</Filter>
    </ClInclude>
    <ClInclude Include="src\backend_win\shared_resources.h">
      <Filter>Backend Win</Filter>
    </ClInclude>
    <ClInclude Include="src\backend_win\asb_display.h">
      <Filter>Backend Win</Filter>
    </ClInclude>
    <ClInclude Include="src\backend_win\hcs_vm.h">
      <Filter>Backend Win</Filter>
    </ClInclude>
    <ClInclude Include="src\backend_win\hcn_network.h">
      <Filter>Backend Win</Filter>
    </ClInclude>
    <ClInclude Include="src\backend_win\snapshot.h">
      <Filter>Backend Win</Filter>
    </ClInclude>
    <ClInclude Include="src\backend_win\vm_display.h">
      <Filter>Backend Win</Filter>
    </ClInclude>
    <ClInclude Include="src\backend_win\vm_display_idd.h">
      <Filter>Backend Win</Filter>
    </ClInclude>
  </ItemGroup>
</Project>
